
Microsoft Visual Studio Solution File, Format Version 12.00
# Visual Studio Version 17
VisualStudioVersion = 17.4.33213.308
MinimumVisualStudioVersion = 10.0.40219.1
Project("{FAE04EC0-301F-11D3-BF4B-00C04F79EFBC}") = "ExemploOO02_HerancaAccount", "ExemploOO02_HerancaAccount\ExemploOO02_HerancaAccount.csproj", "{429BDCC0-2323-49A4-B08D-ED9DDBD92394}"
EndProject
Global
	GlobalSection(SolutionConfigurationPlatforms) = preSolution
		Debug|Any CPU = Debug|Any CPU
		Release|Any CPU = Release|Any CPU
	EndGlobalSection
	GlobalSection(ProjectConfigurationPlatforms) = postSolution
		{429BDCC0-2323-49A4-B08D-ED9DDBD92394}.Debug|Any CPU.ActiveCfg = Debug|Any CPU
		{429BDCC0-2323-49A4-B08D-ED9DDBD92394}.Debug|Any CPU.Build.0 = Debug|Any CPU
		{429BDCC0-2323-49A4-B08D-ED9DDBD92394}.Release|Any CPU.ActiveCfg = Release|Any CPU
		{429BDCC0-2323-49A4-B08D-ED9DDBD92394}.Release|Any CPU.Build.0 = Release|Any CPU
	EndGlobalSection
	GlobalSection(SolutionProperties) = preSolution
		HideSolutionNode = FALSE
	EndGlobalSection
	GlobalSection(ExtensibilityGlobals) = postSolution
		SolutionGuid = {28268A78-1533-4904-964F-763383EDB1B0}
	EndGlobalSection
EndGlobal
