
Microsoft Visual Studio Solution File, Format Version 12.00
# Visual Studio Version 17
VisualStudioVersion = 17.4.33213.308
MinimumVisualStudioVersion = 10.0.40219.1
Project("{FAE04EC0-301F-11D3-BF4B-00C04F79EFBC}") = "ExemploOO19_RestricoesGenerics", "ExemploOO19_RestricoesGenerics\ExemploOO19_RestricoesGenerics.csproj", "{082C3B57-F21C-4D63-A31E-4CB9D2650462}"
EndProject
Global
	GlobalSection(SolutionConfigurationPlatforms) = preSolution
		Debug|Any CPU = Debug|Any CPU
		Release|Any CPU = Release|Any CPU
	EndGlobalSection
	GlobalSection(ProjectConfigurationPlatforms) = postSolution
		{082C3B57-F21C-4D63-A31E-4CB9D2650462}.Debug|Any CPU.ActiveCfg = Debug|Any CPU
		{082C3B57-F21C-4D63-A31E-4CB9D2650462}.Debug|Any CPU.Build.0 = Debug|Any CPU
		{082C3B57-F21C-4D63-A31E-4CB9D2650462}.Release|Any CPU.ActiveCfg = Release|Any CPU
		{082C3B57-F21C-4D63-A31E-4CB9D2650462}.Release|Any CPU.Build.0 = Release|Any CPU
	EndGlobalSection
	GlobalSection(SolutionProperties) = preSolution
		HideSolutionNode = FALSE
	EndGlobalSection
	GlobalSection(ExtensibilityGlobals) = postSolution
		SolutionGuid = {C85995C8-ED8B-43D5-B45A-279EEA1F378D}
	EndGlobalSection
EndGlobal
