
Microsoft Visual Studio Solution File, Format Version 12.00
# Visual Studio Version 17
VisualStudioVersion = 17.4.33213.308
MinimumVisualStudioVersion = 10.0.40219.1
Project("{FAE04EC0-301F-11D3-BF4B-00C04F79EFBC}") = "ExercicioOO03_Order", "ExercicioOO03_Order\ExercicioOO03_Order.csproj", "{508AD41E-4491-4FF4-841A-D6FE3994039A}"
EndProject
Global
	GlobalSection(SolutionConfigurationPlatforms) = preSolution
		Debug|Any CPU = Debug|Any CPU
		Release|Any CPU = Release|Any CPU
	EndGlobalSection
	GlobalSection(ProjectConfigurationPlatforms) = postSolution
		{508AD41E-4491-4FF4-841A-D6FE3994039A}.Debug|Any CPU.ActiveCfg = Debug|Any CPU
		{508AD41E-4491-4FF4-841A-D6FE3994039A}.Debug|Any CPU.Build.0 = Debug|Any CPU
		{508AD41E-4491-4FF4-841A-D6FE3994039A}.Release|Any CPU.ActiveCfg = Release|Any CPU
		{508AD41E-4491-4FF4-841A-D6FE3994039A}.Release|Any CPU.Build.0 = Release|Any CPU
	EndGlobalSection
	GlobalSection(SolutionProperties) = preSolution
		HideSolutionNode = FALSE
	EndGlobalSection
	GlobalSection(ExtensibilityGlobals) = postSolution
		SolutionGuid = {8D5D94B5-3836-4F4C-A26A-D4CB3B3D67F0}
	EndGlobalSection
EndGlobal
