
Microsoft Visual Studio Solution File, Format Version 12.00
# Visual Studio Version 17
VisualStudioVersion = 17.4.33213.308
MinimumVisualStudioVersion = 10.0.40219.1
Project("{FAE04EC0-301F-11D3-BF4B-00C04F79EFBC}") = "ExemploOO05_TryCatch", "ExemploOO05_TryCatch\ExemploOO05_TryCatch.csproj", "{8075963E-E94E-4935-BEEF-6E65D54BECDF}"
EndProject
Global
	GlobalSection(SolutionConfigurationPlatforms) = preSolution
		Debug|Any CPU = Debug|Any CPU
		Release|Any CPU = Release|Any CPU
	EndGlobalSection
	GlobalSection(ProjectConfigurationPlatforms) = postSolution
		{8075963E-E94E-4935-BEEF-6E65D54BECDF}.Debug|Any CPU.ActiveCfg = Debug|Any CPU
		{8075963E-E94E-4935-BEEF-6E65D54BECDF}.Debug|Any CPU.Build.0 = Debug|Any CPU
		{8075963E-E94E-4935-BEEF-6E65D54BECDF}.Release|Any CPU.ActiveCfg = Release|Any CPU
		{8075963E-E94E-4935-BEEF-6E65D54BECDF}.Release|Any CPU.Build.0 = Release|Any CPU
	EndGlobalSection
	GlobalSection(SolutionProperties) = preSolution
		HideSolutionNode = FALSE
	EndGlobalSection
	GlobalSection(ExtensibilityGlobals) = postSolution
		SolutionGuid = {B5D2A651-FE2D-4FB4-A71B-75E3FF966C98}
	EndGlobalSection
EndGlobal
