
Microsoft Visual Studio Solution File, Format Version 12.00
# Visual Studio Version 17
VisualStudioVersion = 17.4.33213.308
MinimumVisualStudioVersion = 10.0.40219.1
Project("{FAE04EC0-301F-11D3-BF4B-00C04F79EFBC}") = "ExemploOO14_Service", "ExemploOO14_Service\ExemploOO14_Service.csproj", "{8C53CD09-ED15-41FE-8677-7AB2219DB768}"
EndProject
Global
	GlobalSection(SolutionConfigurationPlatforms) = preSolution
		Debug|Any CPU = Debug|Any CPU
		Release|Any CPU = Release|Any CPU
	EndGlobalSection
	GlobalSection(ProjectConfigurationPlatforms) = postSolution
		{8C53CD09-ED15-41FE-8677-7AB2219DB768}.Debug|Any CPU.ActiveCfg = Debug|Any CPU
		{8C53CD09-ED15-41FE-8677-7AB2219DB768}.Debug|Any CPU.Build.0 = Debug|Any CPU
		{8C53CD09-ED15-41FE-8677-7AB2219DB768}.Release|Any CPU.ActiveCfg = Release|Any CPU
		{8C53CD09-ED15-41FE-8677-7AB2219DB768}.Release|Any CPU.Build.0 = Release|Any CPU
	EndGlobalSection
	GlobalSection(SolutionProperties) = preSolution
		HideSolutionNode = FALSE
	EndGlobalSection
	GlobalSection(ExtensibilityGlobals) = postSolution
		SolutionGuid = {42BD4B0B-CB8B-43C4-B773-FD94B5185159}
	EndGlobalSection
EndGlobal
