
Microsoft Visual Studio Solution File, Format Version 12.00
# Visual Studio Version 17
VisualStudioVersion = 17.4.33213.308
MinimumVisualStudioVersion = 10.0.40219.1
Project("{FAE04EC0-301F-11D3-BF4B-00C04F79EFBC}") = "ExemploOO08_FileEFileInfo", "ExemploOO08_FileEFileInfo\ExemploOO08_FileEFileInfo.csproj", "{9261F079-18E7-44D5-BD46-0E70609ABBFE}"
EndProject
Global
	GlobalSection(SolutionConfigurationPlatforms) = preSolution
		Debug|Any CPU = Debug|Any CPU
		Release|Any CPU = Release|Any CPU
	EndGlobalSection
	GlobalSection(ProjectConfigurationPlatforms) = postSolution
		{9261F079-18E7-44D5-BD46-0E70609ABBFE}.Debug|Any CPU.ActiveCfg = Debug|Any CPU
		{9261F079-18E7-44D5-BD46-0E70609ABBFE}.Debug|Any CPU.Build.0 = Debug|Any CPU
		{9261F079-18E7-44D5-BD46-0E70609ABBFE}.Release|Any CPU.ActiveCfg = Release|Any CPU
		{9261F079-18E7-44D5-BD46-0E70609ABBFE}.Release|Any CPU.Build.0 = Release|Any CPU
	EndGlobalSection
	GlobalSection(SolutionProperties) = preSolution
		HideSolutionNode = FALSE
	EndGlobalSection
	GlobalSection(ExtensibilityGlobals) = postSolution
		SolutionGuid = {7786E6CA-D73F-4B46-950D-F99F5616FDCA}
	EndGlobalSection
EndGlobal
